lockfileVersion: 5.4

specifiers:
  '@types/node': ^18.11.11
  chatgpt: ^2.0.5
  dotenv: ^16.0.3
  prettier: ^2.8.1
  telegraf: ^4.11.2
  telegram-keyboard: ^2.3.2
  ts-node: ^10.9.1
  typescript: ^4.9.4
  zod: ^3.19.1

dependencies:
  chatgpt: 2.0.5
  dotenv: 16.0.3
  telegraf: 4.11.2
  telegram-keyboard: 2.3.2
  zod: 3.19.1

devDependencies:
  '@types/node': 18.11.11
  prettier: 2.8.1
  ts-node: 10.9.1_bspv7bpieoza2i5ctiw2ofswem
  typescript: 4.9.4

packages:

  /@cspotcode/source-map-support/0.8.1:
    resolution: {integrity: sha512-IchNf6dN4tHoMFIn/7OE8LWZ19Y6q/67Bmf6vnGREv8RSbBVb9LPJxEcnwrcwX6ixSvaiGoomAUvu4YSxXrVgw==}
    engines: {node: '>=12'}
    dependencies:
      '@jridgewell/trace-mapping': 0.3.9
    dev: true

  /@jridgewell/resolve-uri/3.1.0:
    resolution: {integrity: sha512-F2msla3tad+Mfht5cJq7LSXcdudKTWCVYUgw6pLFOOHSTtZlj6SWNYAp+AhuqLmWdBO2X5hPrLcu8cVP8fy28w==}
    engines: {node: '>=6.0.0'}
    dev: true

  /@jridgewell/sourcemap-codec/1.4.14:
    resolution: {integrity: sha512-XPSJHWmi394fuUuzDnGz1wiKqWfo1yXecHQMRf2l6hztTO+nPru658AyDngaBe7isIxEkRsPR3FZh+s7iVa4Uw==}
    dev: true

  /@jridgewell/trace-mapping/0.3.9:
    resolution: {integrity: sha512-3Belt6tdc8bPgAtbcmdtNJlirVoTmEb5e2gC94PnkwEW9jI6CAHUeoG85tjWP5WquqfavoMtMwiG4P926ZKKuQ==}
    dependencies:
      '@jridgewell/resolve-uri': 3.1.0
      '@jridgewell/sourcemap-codec': 1.4.14
    dev: true

  /@tsconfig/node10/1.0.9:
    resolution: {integrity: sha512-jNsYVVxU8v5g43Erja32laIDHXeoNvFEpX33OK4d6hljo3jDhCBDhx5dhCCTMWUojscpAagGiRkBKxpdl9fxqA==}
    dev: true

  /@tsconfig/node12/1.0.11:
    resolution: {integrity: sha512-cqefuRsh12pWyGsIoBKJA9luFu3mRxCA+ORZvA4ktLSzIuCUtWVxGIuXigEwO5/ywWFMZ2QEGKWvkZG1zDMTag==}
    dev: true

  /@tsconfig/node14/1.0.3:
    resolution: {integrity: sha512-ysT8mhdixWK6Hw3i1V2AeRqZ5WfXg1G43mqoYlM2nc6388Fq5jcXyr5mRsqViLx/GJYdoL0bfXD8nmF+Zn/Iow==}
    dev: true

  /@tsconfig/node16/1.0.3:
    resolution: {integrity: sha512-yOlFc+7UtL/89t2ZhjPvvB/DeAr3r+Dq58IgzsFkOAvVC6NMJXmCGjbptdXdR9qsX7pKcTL+s87FtYREi2dEEQ==}
    dev: true

  /@types/debug/4.1.7:
    resolution: {integrity: sha512-9AonUzyTjXXhEOa0DnqpzZi6VHlqKMswga9EXjpXnnqxwLtdvPPtlO8evrI5D9S6asFRCQ6v+wpiUKbw+vKqyg==}
    dependencies:
      '@types/ms': 0.7.31
    dev: false

  /@types/mdast/3.0.10:
    resolution: {integrity: sha512-W864tg/Osz1+9f4lrGTZpCSO5/z4608eUp19tbozkq2HJK6i3z1kT0H9tlADXuYIb1YYOBByU4Jsqkk75q48qA==}
    dependencies:
      '@types/unist': 2.0.6
    dev: false

  /@types/ms/0.7.31:
    resolution: {integrity: sha512-iiUgKzV9AuaEkZqkOLDIvlQiL6ltuZd9tGcW3gwpnX8JbuiuhFlEGmmFXEXkN50Cvq7Os88IY2v0dkDqXYWVgA==}
    dev: false

  /@types/node/18.11.11:
    resolution: {integrity: sha512-KJ021B1nlQUBLopzZmPBVuGU9un7WJd/W4ya7Ih02B4Uwky5Nja0yGYav2EfYIk0RR2Q9oVhf60S2XR1BCWJ2g==}
    dev: true

  /@types/unist/2.0.6:
    resolution: {integrity: sha512-PBjIUxZHOuj0R15/xuwJYjFi+KZdNFrehocChv4g5hu6aFroHue8m0lBP0POdK2nKzbw0cgV1mws8+V/JAcEkQ==}
    dev: false

  /abort-controller/3.0.0:
    resolution: {integrity: sha512-h8lQ8tacZYnR3vNQTgibj+tODHI5/+l06Au2Pcriv/Gmet0eaj4TwWH41sO9wnHDiQsEj19q0drzdWdeAHtweg==}
    engines: {node: '>=6.5'}
    dependencies:
      event-target-shim: 5.0.1
    dev: false

  /acorn-walk/8.2.0:
    resolution: {integrity: sha512-k+iyHEuPgSw6SbuDpGQM+06HQUa04DZ3o+F6CSzXMvvI5KMvnaEqXe+YVe555R9nn6GPt404fos4wcgpw12SDA==}
    engines: {node: '>=0.4.0'}
    dev: true

  /acorn/8.8.1:
    resolution: {integrity: sha512-7zFpHzhnqYKrkYdUjF1HI1bzd0VygEGX8lFk4k5zVMqHEoES+P+7TKI+EvLO9WVMJ8eekdO0aDEK044xTXwPPA==}
    engines: {node: '>=0.4.0'}
    hasBin: true
    dev: true

  /arg/4.1.3:
    resolution: {integrity: sha512-58S9QDqG0Xx27YwPSt9fJxivjYl432YCwfDMfZ+71RAqUrZef7LrKQZ3LHLOwCS4FLNBplP533Zx895SeOCHvA==}
    dev: true

  /bail/2.0.2:
    resolution: {integrity: sha512-0xO6mYd7JB2YesxDKplafRpsiOzPt9V02ddPCLbY1xYGPOX24NTyN50qnUxgCPcSoYMhKpAuBTjQoRZCAkUDRw==}
    dev: false

  /buffer-alloc-unsafe/1.1.0:
    resolution: {integrity: sha512-TEM2iMIEQdJ2yjPJoSIsldnleVaAk1oW3DBVUykyOLsEsFmEc9kn+SFFPz+gl54KQNxlDnAwCXosOS9Okx2xAg==}
    dev: false

  /buffer-alloc/1.2.0:
    resolution: {integrity: sha512-CFsHQgjtW1UChdXgbyJGtnm+O/uLQeZdtbDo8mfUgYXCHSM1wgrVxXm6bSyrUuErEb+4sYVGCzASBRot7zyrow==}
    dependencies:
      buffer-alloc-unsafe: 1.1.0
      buffer-fill: 1.0.0
    dev: false

  /buffer-fill/1.0.0:
    resolution: {integrity: sha512-T7zexNBwiiaCOGDg9xNX9PBmjrubblRkENuptryuI64URkXDFum9il/JGL8Lm8wYfAXpredVXXZz7eMHilimiQ==}
    dev: false

  /busboy/1.6.0:
    resolution: {integrity: sha512-8SFQbg/0hQ9xy3UNTB0YEnsNBbWfhf7RtnzpL7TkBiTBRfrQ9Fxcnz7VJsleJpyp6rVLvXiuORqjlHi5q+PYuA==}
    engines: {node: '>=10.16.0'}
    dependencies:
      streamsearch: 1.1.0
    dev: false
    optional: true

  /character-entities/2.0.2:
    resolution: {integrity: sha512-shx7oQ0Awen/BRIdkjkvz54PnEEI/EjwXDSIZp86/KKdbafHh1Df/RYGBhn4hbe2+uKC9FnT5UCEdyPz3ai9hQ==}
    dev: false

  /chatgpt/2.0.5:
    resolution: {integrity: sha512-eVswcmvAfYcYh3TK8ryP7305lnvUJXM4CTLayEtFoS25Ovd9mNsOYJPWYLa/B10+ClEOWpeRe1cLR9VssY6STQ==}
    engines: {node: '>=16.8'}
    dependencies:
      eventsource-parser: 0.0.5
      expiry-map: 2.0.0
      p-timeout: 6.0.0
      remark: 14.0.2
      strip-markdown: 5.0.0
      uuid: 9.0.0
    optionalDependencies:
      undici: 5.13.0
    transitivePeerDependencies:
      - supports-color
    dev: false

  /create-require/1.1.1:
    resolution: {integrity: sha512-dcKFX3jn0MpIaXjisoRvexIJVEKzaq7z2rZKxf+MSr9TkdmHmsU4m2lcLojrj/FHl8mk5VxMmYA+ftRkP/3oKQ==}
    dev: true

  /debug/4.3.4:
    resolution: {integrity: sha512-PRWFHuSU3eDtQJPvnNY7Jcket1j0t5OuOsFzPPzsekD52Zl8qUfFIPEiswXqIvHWGVHOgX+7G/vCNNhehwxfkQ==}
    engines: {node: '>=6.0'}
    peerDependencies:
      supports-color: '*'
    peerDependenciesMeta:
      supports-color:
        optional: true
    dependencies:
      ms: 2.1.2
    dev: false

  /decode-named-character-reference/1.0.2:
    resolution: {integrity: sha512-O8x12RzrUF8xyVcY0KJowWsmaJxQbmy0/EtnNtHRpsOcT7dFk5W598coHqBVpmWo1oQQfsCqfCmkZN5DJrZVdg==}
    dependencies:
      character-entities: 2.0.2
    dev: false

  /dequal/2.0.3:
    resolution: {integrity: sha512-0je+qPKHEMohvfRTCEo3CrPG6cAzAYgmzKyxRiYSSDkS6eGJdyVJm7WaYA5ECaAD9wLB2T4EEeymA5aFVcYXCA==}
    engines: {node: '>=6'}
    dev: false

  /diff/4.0.2:
    resolution: {integrity: sha512-58lmxKSA4BNyLz+HHMUzlOEpg09FV+ev6ZMe3vJihgdxzgcwZ8VoEEPmALCZG9LmqfVoNMMKpttIYTVG6uDY7A==}
    engines: {node: '>=0.3.1'}
    dev: true

  /diff/5.1.0:
    resolution: {integrity: sha512-D+mk+qE8VC/PAUrlAU34N+VfXev0ghe5ywmpqrawphmVZc1bEfn56uo9qpyGp1p4xpzOHkSW4ztBd6L7Xx4ACw==}
    engines: {node: '>=0.3.1'}
    dev: false

  /dotenv/16.0.3:
    resolution: {integrity: sha512-7GO6HghkA5fYG9TYnNxi14/7K9f5occMlp3zXAuSxn7CKCxt9xbNWG7yF8hTCSUchlfWSe3uLmlPfigevRItzQ==}
    engines: {node: '>=12'}
    dev: false

  /event-target-shim/5.0.1:
    resolution: {integrity: sha512-i/2XbnSz/uxRCU6+NdVJgKWDTM427+MqYbkQzD321DuCQJUqOuJKIA0IM2+W2xtYHdKOmZ4dR6fExsd4SXL+WQ==}
    engines: {node: '>=6'}
    dev: false

  /eventsource-parser/0.0.5:
    resolution: {integrity: sha512-BAq82bC3ZW9fPYYZlofXBOAfbpmDzXIOsj+GOehQwgTUYsQZ6HtHs6zuRtge7Ph8OhS6lNH1kJF8q9dj17RcmA==}
    engines: {node: '>=12'}
    dev: false

  /expiry-map/2.0.0:
    resolution: {integrity: sha512-K1I5wJe2fiqjyUZf/xhxwTpaopw3F+19DsO7Oggl20+3SVTXDIevVRJav0aBMfposQdkl2E4+gnuOKd3j2X0sA==}
    engines: {node: '>=8'}
    dependencies:
      map-age-cleaner: 0.2.0
    dev: false

  /extend/3.0.2:
    resolution: {integrity: sha512-fjquC59cD7CyW6urNXK0FBufkZcoiGG80wTuPujX590cB5Ttln20E2UB4S/WARVqhXffZl2LNgS+gQdPIIim/g==}
    dev: false

  /is-buffer/2.0.5:
    resolution: {integrity: sha512-i2R6zNFDwgEHJyQUtJEk0XFi1i0dPFn/oqjK3/vPCcDeJvW5NQ83V8QbicfF1SupOaB0h8ntgBC2YiE7dfyctQ==}
    engines: {node: '>=4'}
    dev: false

  /is-plain-obj/4.1.0:
    resolution: {integrity: sha512-+Pgi+vMuUNkJyExiMBt5IlFoMyKnr5zhJ4Uspz58WOhBF5QoIZkFyNHIbBAtHwzVAgk5RtndVNsDRN61/mmDqg==}
    engines: {node: '>=12'}
    dev: false

  /kleur/4.1.5:
    resolution: {integrity: sha512-o+NO+8WrRiQEE4/7nwRJhN1HWpVmJm511pBHUxPLtp0BUISzlBplORYSmTclCnJvQq2tKu/sgl3xVpkc7ZWuQQ==}
    engines: {node: '>=6'}
    dev: false

  /longest-streak/3.1.0:
    resolution: {integrity: sha512-9Ri+o0JYgehTaVBBDoMqIl8GXtbWg711O3srftcHhZ0dqnETqLaoIK0x17fUw9rFSlK/0NlsKe0Ahhyl5pXE2g==}
    dev: false

  /make-error/1.3.6:
    resolution: {integrity: sha512-s8UhlNe7vPKomQhC1qFelMokr/Sc3AgNbso3n74mVPA5LTZwkB9NlXf4XPamLxJE8h0gh73rM94xvwRT2CVInw==}
    dev: true

  /map-age-cleaner/0.2.0:
    resolution: {integrity: sha512-AvxTC6id0fzSf6OyNBTp1syyCuKO7nOJvHgYlhT0Qkkjvk40zZo+av3ayVgXlxnF/DxEzEfY9mMdd7FHsd+wKQ==}
    engines: {node: '>=7.6'}
    dependencies:
      p-defer: 1.0.0
    dev: false

  /mdast-util-from-markdown/1.2.0:
    resolution: {integrity: sha512-iZJyyvKD1+K7QX1b5jXdE7Sc5dtoTry1vzV28UZZe8Z1xVnB/czKntJ7ZAkG0tANqRnBF6p3p7GpU1y19DTf2Q==}
    dependencies:
      '@types/mdast': 3.0.10
      '@types/unist': 2.0.6
      decode-named-character-reference: 1.0.2
      mdast-util-to-string: 3.1.0
      micromark: 3.1.0
      micromark-util-decode-numeric-character-reference: 1.0.0
      micromark-util-decode-string: 1.0.2
      micromark-util-normalize-identifier: 1.0.0
      micromark-util-symbol: 1.0.1
      micromark-util-types: 1.0.2
      unist-util-stringify-position: 3.0.2
      uvu: 0.5.6
    transitivePeerDependencies:
      - supports-color
    dev: false

  /mdast-util-to-markdown/1.3.0:
    resolution: {integrity: sha512-6tUSs4r+KK4JGTTiQ7FfHmVOaDrLQJPmpjD6wPMlHGUVXoG9Vjc3jIeP+uyBWRf8clwB2blM+W7+KrlMYQnftA==}
    dependencies:
      '@types/mdast': 3.0.10
      '@types/unist': 2.0.6
      longest-streak: 3.1.0
      mdast-util-to-string: 3.1.0
      micromark-util-decode-string: 1.0.2
      unist-util-visit: 4.1.1
      zwitch: 2.0.4
    dev: false

  /mdast-util-to-string/3.1.0:
    resolution: {integrity: sha512-n4Vypz/DZgwo0iMHLQL49dJzlp7YtAJP+N07MZHpjPf/5XJuHUWstviF4Mn2jEiR/GNmtnRRqnwsXExk3igfFA==}
    dev: false

  /micromark-core-commonmark/1.0.6:
    resolution: {integrity: sha512-K+PkJTxqjFfSNkfAhp4GB+cZPfQd6dxtTXnf+RjZOV7T4EEXnvgzOcnp+eSTmpGk9d1S9sL6/lqrgSNn/s0HZA==}
    dependencies:
      decode-named-character-reference: 1.0.2
      micromark-factory-destination: 1.0.0
      micromark-factory-label: 1.0.2
      micromark-factory-space: 1.0.0
      micromark-factory-title: 1.0.2
      micromark-factory-whitespace: 1.0.0
      micromark-util-character: 1.1.0
      micromark-util-chunked: 1.0.0
      micromark-util-classify-character: 1.0.0
      micromark-util-html-tag-name: 1.1.0
      micromark-util-normalize-identifier: 1.0.0
      micromark-util-resolve-all: 1.0.0
      micromark-util-subtokenize: 1.0.2
      micromark-util-symbol: 1.0.1
      micromark-util-types: 1.0.2
      uvu: 0.5.6
    dev: false

  /micromark-factory-destination/1.0.0:
    resolution: {integrity: sha512-eUBA7Rs1/xtTVun9TmV3gjfPz2wEwgK5R5xcbIM5ZYAtvGF6JkyaDsj0agx8urXnO31tEO6Ug83iVH3tdedLnw==}
    dependencies:
      micromark-util-character: 1.1.0
      micromark-util-symbol: 1.0.1
      micromark-util-types: 1.0.2
    dev: false

  /micromark-factory-label/1.0.2:
    resolution: {integrity: sha512-CTIwxlOnU7dEshXDQ+dsr2n+yxpP0+fn271pu0bwDIS8uqfFcumXpj5mLn3hSC8iw2MUr6Gx8EcKng1dD7i6hg==}
    dependencies:
      micromark-util-character: 1.1.0
      micromark-util-symbol: 1.0.1
      micromark-util-types: 1.0.2
      uvu: 0.5.6
    dev: false

  /micromark-factory-space/1.0.0:
    resolution: {integrity: sha512-qUmqs4kj9a5yBnk3JMLyjtWYN6Mzfcx8uJfi5XAveBniDevmZasdGBba5b4QsvRcAkmvGo5ACmSUmyGiKTLZew==}
    dependencies:
      micromark-util-character: 1.1.0
      micromark-util-types: 1.0.2
    dev: false

  /micromark-factory-title/1.0.2:
    resolution: {integrity: sha512-zily+Nr4yFqgMGRKLpTVsNl5L4PMu485fGFDOQJQBl2NFpjGte1e86zC0da93wf97jrc4+2G2GQudFMHn3IX+A==}
    dependencies:
      micromark-factory-space: 1.0.0
      micromark-util-character: 1.1.0
      micromark-util-symbol: 1.0.1
      micromark-util-types: 1.0.2
      uvu: 0.5.6
    dev: false

  /micromark-factory-whitespace/1.0.0:
    resolution: {integrity: sha512-Qx7uEyahU1lt1RnsECBiuEbfr9INjQTGa6Err+gF3g0Tx4YEviPbqqGKNv/NrBaE7dVHdn1bVZKM/n5I/Bak7A==}
    dependencies:
      micromark-factory-space: 1.0.0
      micromark-util-character: 1.1.0
      micromark-util-symbol: 1.0.1
      micromark-util-types: 1.0.2
    dev: false

  /micromark-util-character/1.1.0:
    resolution: {integrity: sha512-agJ5B3unGNJ9rJvADMJ5ZiYjBRyDpzKAOk01Kpi1TKhlT1APx3XZk6eN7RtSz1erbWHC2L8T3xLZ81wdtGRZzg==}
    dependencies:
      micromark-util-symbol: 1.0.1
      micromark-util-types: 1.0.2
    dev: false

  /micromark-util-chunked/1.0.0:
    resolution: {integrity: sha512-5e8xTis5tEZKgesfbQMKRCyzvffRRUX+lK/y+DvsMFdabAicPkkZV6gO+FEWi9RfuKKoxxPwNL+dFF0SMImc1g==}
    dependencies:
      micromark-util-symbol: 1.0.1
    dev: false

  /micromark-util-classify-character/1.0.0:
    resolution: {integrity: sha512-F8oW2KKrQRb3vS5ud5HIqBVkCqQi224Nm55o5wYLzY/9PwHGXC01tr3d7+TqHHz6zrKQ72Okwtvm/xQm6OVNZA==}
    dependencies:
      micromark-util-character: 1.1.0
      micromark-util-symbol: 1.0.1
      micromark-util-types: 1.0.2
    dev: false

  /micromark-util-combine-extensions/1.0.0:
    resolution: {integrity: sha512-J8H058vFBdo/6+AsjHp2NF7AJ02SZtWaVUjsayNFeAiydTxUwViQPxN0Hf8dp4FmCQi0UUFovFsEyRSUmFH3MA==}
    dependencies:
      micromark-util-chunked: 1.0.0
      micromark-util-types: 1.0.2
    dev: false

  /micromark-util-decode-numeric-character-reference/1.0.0:
    resolution: {integrity: sha512-OzO9AI5VUtrTD7KSdagf4MWgHMtET17Ua1fIpXTpuhclCqD8egFWo85GxSGvxgkGS74bEahvtM0WP0HjvV0e4w==}
    dependencies:
      micromark-util-symbol: 1.0.1
    dev: false

  /micromark-util-decode-string/1.0.2:
    resolution: {integrity: sha512-DLT5Ho02qr6QWVNYbRZ3RYOSSWWFuH3tJexd3dgN1odEuPNxCngTCXJum7+ViRAd9BbdxCvMToPOD/IvVhzG6Q==}
    dependencies:
      decode-named-character-reference: 1.0.2
      micromark-util-character: 1.1.0
      micromark-util-decode-numeric-character-reference: 1.0.0
      micromark-util-symbol: 1.0.1
    dev: false

  /micromark-util-encode/1.0.1:
    resolution: {integrity: sha512-U2s5YdnAYexjKDel31SVMPbfi+eF8y1U4pfiRW/Y8EFVCy/vgxk/2wWTxzcqE71LHtCuCzlBDRU2a5CQ5j+mQA==}
    dev: false

  /micromark-util-html-tag-name/1.1.0:
    resolution: {integrity: sha512-BKlClMmYROy9UiV03SwNmckkjn8QHVaWkqoAqzivabvdGcwNGMMMH/5szAnywmsTBUzDsU57/mFi0sp4BQO6dA==}
    dev: false

  /micromark-util-normalize-identifier/1.0.0:
    resolution: {integrity: sha512-yg+zrL14bBTFrQ7n35CmByWUTFsgst5JhA4gJYoty4Dqzj4Z4Fr/DHekSS5aLfH9bdlfnSvKAWsAgJhIbogyBg==}
    dependencies:
      micromark-util-symbol: 1.0.1
    dev: false

  /micromark-util-resolve-all/1.0.0:
    resolution: {integrity: sha512-CB/AGk98u50k42kvgaMM94wzBqozSzDDaonKU7P7jwQIuH2RU0TeBqGYJz2WY1UdihhjweivStrJ2JdkdEmcfw==}
    dependencies:
      micromark-util-types: 1.0.2
    dev: false

  /micromark-util-sanitize-uri/1.1.0:
    resolution: {integrity: sha512-RoxtuSCX6sUNtxhbmsEFQfWzs8VN7cTctmBPvYivo98xb/kDEoTCtJQX5wyzIYEmk/lvNFTat4hL8oW0KndFpg==}
    dependencies:
      micromark-util-character: 1.1.0
      micromark-util-encode: 1.0.1
      micromark-util-symbol: 1.0.1
    dev: false

  /micromark-util-subtokenize/1.0.2:
    resolution: {integrity: sha512-d90uqCnXp/cy4G881Ub4psE57Sf8YD0pim9QdjCRNjfas2M1u6Lbt+XZK9gnHL2XFhnozZiEdCa9CNfXSfQ6xA==}
    dependencies:
      micromark-util-chunked: 1.0.0
      micromark-util-symbol: 1.0.1
      micromark-util-types: 1.0.2
      uvu: 0.5.6
    dev: false

  /micromark-util-symbol/1.0.1:
    resolution: {integrity: sha512-oKDEMK2u5qqAptasDAwWDXq0tG9AssVwAx3E9bBF3t/shRIGsWIRG+cGafs2p/SnDSOecnt6hZPCE2o6lHfFmQ==}
    dev: false

  /micromark-util-types/1.0.2:
    resolution: {integrity: sha512-DCfg/T8fcrhrRKTPjRrw/5LLvdGV7BHySf/1LOZx7TzWZdYRjogNtyNq885z3nNallwr3QUKARjqvHqX1/7t+w==}
    dev: false

  /micromark/3.1.0:
    resolution: {integrity: sha512-6Mj0yHLdUZjHnOPgr5xfWIMqMWS12zDN6iws9SLuSz76W8jTtAv24MN4/CL7gJrl5vtxGInkkqDv/JIoRsQOvA==}
    dependencies:
      '@types/debug': 4.1.7
      debug: 4.3.4
      decode-named-character-reference: 1.0.2
      micromark-core-commonmark: 1.0.6
      micromark-factory-space: 1.0.0
      micromark-util-character: 1.1.0
      micromark-util-chunked: 1.0.0
      micromark-util-combine-extensions: 1.0.0
      micromark-util-decode-numeric-character-reference: 1.0.0
      micromark-util-encode: 1.0.1
      micromark-util-normalize-identifier: 1.0.0
      micromark-util-resolve-all: 1.0.0
      micromark-util-sanitize-uri: 1.1.0
      micromark-util-subtokenize: 1.0.2
      micromark-util-symbol: 1.0.1
      micromark-util-types: 1.0.2
      uvu: 0.5.6
    transitivePeerDependencies:
      - supports-color
    dev: false

  /mri/1.2.0:
    resolution: {integrity: sha512-tzzskb3bG8LvYGFF/mDTpq3jpI6Q9wc3LEmBaghu+DdCssd1FakN7Bc0hVNmEyGq1bq3RgfkCb3cmQLpNPOroA==}
    engines: {node: '>=4'}
    dev: false

  /ms/2.1.2:
    resolution: {integrity: sha512-sGkPx+VjMtmA6MX27oA4FBFELFCZZ4S4XqeGOXCv68tT+jb3vk/RyaKWP0PTKyWtmLSM0b+adUTEvbs1PEaH2w==}
    dev: false

  /node-fetch/2.6.7:
    resolution: {integrity: sha512-ZjMPFEfVx5j+y2yF35Kzx5sF7kDzxuDj6ziH4FFbOp87zKDZNx8yExJIb05OGF4Nlt9IHFIMBkRl41VdvcNdbQ==}
    engines: {node: 4.x || >=6.0.0}
    peerDependencies:
      encoding: ^0.1.0
    peerDependenciesMeta:
      encoding:
        optional: true
    dependencies:
      whatwg-url: 5.0.0
    dev: false

  /p-defer/1.0.0:
    resolution: {integrity: sha512-wB3wfAxZpk2AzOfUMJNL+d36xothRSyj8EXOa4f6GMqYDN9BJaaSISbsk+wS9abmnebVw95C2Kb5t85UmpCxuw==}
    engines: {node: '>=4'}
    dev: false

  /p-timeout/4.1.0:
    resolution: {integrity: sha512-+/wmHtzJuWii1sXn3HCuH/FTwGhrp4tmJTxSKJbfS+vkipci6osxXM5mY0jUiRzWKMTgUT8l7HFbeSwZAynqHw==}
    engines: {node: '>=10'}
    dev: false

  /p-timeout/6.0.0:
    resolution: {integrity: sha512-5iS61MOdUMemWH9CORQRxVXTp9g5K8rPnI9uQpo97aWgsH3vVXKjkIhDi+OgIDmN3Ly9+AZ2fZV01Wut1yzfKA==}
    engines: {node: '>=14.16'}
    dev: false

  /prettier/2.8.1:
    resolution: {integrity: sha512-lqGoSJBQNJidqCHE80vqZJHWHRFoNYsSpP9AjFhlhi9ODCJA541svILes/+/1GM3VaL/abZi7cpFzOpdR9UPKg==}
    engines: {node: '>=10.13.0'}
    hasBin: true
    dev: true

  /remark-parse/10.0.1:
    resolution: {integrity: sha512-1fUyHr2jLsVOkhbvPRBJ5zTKZZyD6yZzYaWCS6BPBdQ8vEMBCH+9zNCDA6tET/zHCi/jLqjCWtlJZUPk+DbnFw==}
    dependencies:
      '@types/mdast': 3.0.10
      mdast-util-from-markdown: 1.2.0
      unified: 10.1.2
    transitivePeerDependencies:
      - supports-color
    dev: false

  /remark-stringify/10.0.2:
    resolution: {integrity: sha512-6wV3pvbPvHkbNnWB0wdDvVFHOe1hBRAx1Q/5g/EpH4RppAII6J8Gnwe7VbHuXaoKIF6LAg6ExTel/+kNqSQ7lw==}
    dependencies:
      '@types/mdast': 3.0.10
      mdast-util-to-markdown: 1.3.0
      unified: 10.1.2
    dev: false

  /remark/14.0.2:
    resolution: {integrity: sha512-A3ARm2V4BgiRXaUo5K0dRvJ1lbogrbXnhkJRmD0yw092/Yl0kOCZt1k9ZeElEwkZsWGsMumz6qL5MfNJH9nOBA==}
    dependencies:
      '@types/mdast': 3.0.10
      remark-parse: 10.0.1
      remark-stringify: 10.0.2
      unified: 10.1.2
    transitivePeerDependencies:
      - supports-color
    dev: false

  /sade/1.8.1:
    resolution: {integrity: sha512-xal3CZX1Xlo/k4ApwCFrHVACi9fBqJ7V+mwhBsuf/1IOKbBy098Fex+Wa/5QMubw09pSZ/u8EY8PWgevJsXp1A==}
    engines: {node: '>=6'}
    dependencies:
      mri: 1.2.0
    dev: false

  /safe-compare/1.1.4:
    resolution: {integrity: sha512-b9wZ986HHCo/HbKrRpBJb2kqXMK9CEWIE1egeEvZsYn69ay3kdfl9nG3RyOcR+jInTDf7a86WQ1d4VJX7goSSQ==}
    dependencies:
      buffer-alloc: 1.2.0
    dev: false

  /sandwich-stream/2.0.2:
    resolution: {integrity: sha512-jLYV0DORrzY3xaz/S9ydJL6Iz7essZeAfnAavsJ+zsJGZ1MOnsS52yRjU3uF3pJa/lla7+wisp//fxOwOH8SKQ==}
    engines: {node: '>= 0.10'}
    dev: false

  /streamsearch/1.1.0:
    resolution: {integrity: sha512-Mcc5wHehp9aXz1ax6bZUyY5afg9u2rv5cqQI3mRrYkGC8rW2hM02jWuwjtL++LS5qinSyhj2QfLyNsuc+VsExg==}
    engines: {node: '>=10.0.0'}
    dev: false
    optional: true

  /strip-markdown/5.0.0:
    resolution: {integrity: sha512-PXSts6Ta9A/TwGxVVSRlQs1ukJTAwwtbip2OheJEjPyfykaQ4sJSTnQWjLTI2vYWNts/R/91/csagp15W8n9gA==}
    dependencies:
      '@types/mdast': 3.0.10
      '@types/unist': 2.0.6
      unified: 10.1.2
    dev: false

  /telegraf/4.11.2:
    resolution: {integrity: sha512-RGEh+NXkHbq1KcSSbJeVYhHMrEN4rymd9DSe3SoIV0886bJPBHLzYCNrOqnk9aeZE2Idwh5uK0X/xbR6jScQKQ==}
    engines: {node: ^12.20.0 || >=14.13.1}
    hasBin: true
    dependencies:
      abort-controller: 3.0.0
      debug: 4.3.4
      mri: 1.2.0
      node-fetch: 2.6.7
      p-timeout: 4.1.0
      safe-compare: 1.1.4
      sandwich-stream: 2.0.2
      typegram: 4.1.0
    transitivePeerDependencies:
      - encoding
      - supports-color
    dev: false

  /telegram-keyboard/2.3.2:
    resolution: {integrity: sha512-Ngl580+n+wREeaxdVOyHGm1cU3TeNBMXjsvxA4XmJ2Gik7eNIsMyzfEUNMflnBZH0F+iMxV3iH5ZwMrFHQIIwg==}
    engines: {node: '>=14'}
    dev: false

  /tr46/0.0.3:
    resolution: {integrity: sha512-N3WMsuqV66lT30CrXNbEjx4GEwlow3v6rr4mCcv6prnfwhS01rkgyFdjPNBYd9br7LpXV1+Emh01fHnq2Gdgrw==}
    dev: false

  /trough/2.1.0:
    resolution: {integrity: sha512-AqTiAOLcj85xS7vQ8QkAV41hPDIJ71XJB4RCUrzo/1GM2CQwhkJGaf9Hgr7BOugMRpgGUrqRg/DrBDl4H40+8g==}
    dev: false

  /ts-node/10.9.1_bspv7bpieoza2i5ctiw2ofswem:
    resolution: {integrity: sha512-NtVysVPkxxrwFGUUxGYhfux8k78pQB3JqYBXlLRZgdGUqTO5wU/UyHop5p70iEbGhB7q5KmiZiU0Y3KlJrScEw==}
    hasBin: true
    peerDependencies:
      '@swc/core': '>=1.2.50'
      '@swc/wasm': '>=1.2.50'
      '@types/node': '*'
      typescript: '>=2.7'
    peerDependenciesMeta:
      '@swc/core':
        optional: true
      '@swc/wasm':
        optional: true
    dependencies:
      '@cspotcode/source-map-support': 0.8.1
      '@tsconfig/node10': 1.0.9
      '@tsconfig/node12': 1.0.11
      '@tsconfig/node14': 1.0.3
      '@tsconfig/node16': 1.0.3
      '@types/node': 18.11.11
      acorn: 8.8.1
      acorn-walk: 8.2.0
      arg: 4.1.3
      create-require: 1.1.1
      diff: 4.0.2
      make-error: 1.3.6
      typescript: 4.9.4
      v8-compile-cache-lib: 3.0.1
      yn: 3.1.1
    dev: true

  /typegram/4.1.0:
    resolution: {integrity: sha512-OejXXNRh3bb6TQKbUM0k1p1wnEYCrZd66TNLeZeV2S6s4XWkCmVHONXqBTPtWpaq+IUxSyQwKJ1XXyN17Lr0+w==}
    dev: false

  /typescript/4.9.4:
    resolution: {integrity: sha512-Uz+dTXYzxXXbsFpM86Wh3dKCxrQqUcVMxwU54orwlJjOpO3ao8L7j5lH+dWfTwgCwIuM9GQ2kvVotzYJMXTBZg==}
    engines: {node: '>=4.2.0'}
    hasBin: true
    dev: true

  /undici/5.13.0:
    resolution: {integrity: sha512-UDZKtwb2k7KRsK4SdXWG7ErXiL7yTGgLWvk2AXO1JMjgjh404nFo6tWSCM2xMpJwMPx3J8i/vfqEh1zOqvj82Q==}
    engines: {node: '>=12.18'}
    requiresBuild: true
    dependencies:
      busboy: 1.6.0
    dev: false
    optional: true

  /unified/10.1.2:
    resolution: {integrity: sha512-pUSWAi/RAnVy1Pif2kAoeWNBa3JVrx0MId2LASj8G+7AiHWoKZNTomq6LG326T68U7/e263X6fTdcXIy7XnF7Q==}
    dependencies:
      '@types/unist': 2.0.6
      bail: 2.0.2
      extend: 3.0.2
      is-buffer: 2.0.5
      is-plain-obj: 4.1.0
      trough: 2.1.0
      vfile: 5.3.6
    dev: false

  /unist-util-is/5.1.1:
    resolution: {integrity: sha512-F5CZ68eYzuSvJjGhCLPL3cYx45IxkqXSetCcRgUXtbcm50X2L9oOWQlfUfDdAf+6Pd27YDblBfdtmsThXmwpbQ==}
    dev: false

  /unist-util-stringify-position/3.0.2:
    resolution: {integrity: sha512-7A6eiDCs9UtjcwZOcCpM4aPII3bAAGv13E96IkawkOAW0OhH+yRxtY0lzo8KiHpzEMfH7Q+FizUmwp8Iqy5EWg==}
    dependencies:
      '@types/unist': 2.0.6
    dev: false

  /unist-util-visit-parents/5.1.1:
    resolution: {integrity: sha512-gks4baapT/kNRaWxuGkl5BIhoanZo7sC/cUT/JToSRNL1dYoXRFl75d++NkjYk4TAu2uv2Px+l8guMajogeuiw==}
    dependencies:
      '@types/unist': 2.0.6
      unist-util-is: 5.1.1
    dev: false

  /unist-util-visit/4.1.1:
    resolution: {integrity: sha512-n9KN3WV9k4h1DxYR1LoajgN93wpEi/7ZplVe02IoB4gH5ctI1AaF2670BLHQYbwj+pY83gFtyeySFiyMHJklrg==}
    dependencies:
      '@types/unist': 2.0.6
      unist-util-is: 5.1.1
      unist-util-visit-parents: 5.1.1
    dev: false

  /uuid/9.0.0:
    resolution: {integrity: sha512-MXcSTerfPa4uqyzStbRoTgt5XIe3x5+42+q1sDuy3R5MDk66URdLMOZe5aPX/SQd+kuYAh0FdP/pO28IkQyTeg==}
    hasBin: true
    dev: false

  /uvu/0.5.6:
    resolution: {integrity: sha512-+g8ENReyr8YsOc6fv/NVJs2vFdHBnBNdfE49rshrTzDWOlUx4Gq7KOS2GD8eqhy2j+Ejq29+SbKH8yjkAqXqoA==}
    engines: {node: '>=8'}
    hasBin: true
    dependencies:
      dequal: 2.0.3
      diff: 5.1.0
      kleur: 4.1.5
      sade: 1.8.1
    dev: false

  /v8-compile-cache-lib/3.0.1:
    resolution: {integrity: sha512-wa7YjyUGfNZngI/vtK0UHAN+lgDCxBPCylVXGp0zu59Fz5aiGtNXaq3DhIov063MorB+VfufLh3JlF2KdTK3xg==}
    dev: true

  /vfile-message/3.1.3:
    resolution: {integrity: sha512-0yaU+rj2gKAyEk12ffdSbBfjnnj+b1zqTBv3OQCTn8yEB02bsPizwdBPrLJjHnK+cU9EMMcUnNv938XcZIkmdA==}
    dependencies:
      '@types/unist': 2.0.6
      unist-util-stringify-position: 3.0.2
    dev: false

  /vfile/5.3.6:
    resolution: {integrity: sha512-ADBsmerdGBs2WYckrLBEmuETSPyTD4TuLxTrw0DvjirxW1ra4ZwkbzG8ndsv3Q57smvHxo677MHaQrY9yxH8cA==}
    dependencies:
      '@types/unist': 2.0.6
      is-buffer: 2.0.5
      unist-util-stringify-position: 3.0.2
      vfile-message: 3.1.3
    dev: false

  /webidl-conversions/3.0.1:
    resolution: {integrity: sha512-2JAn3z8AR6rjK8Sm8orRC0h/bcl/DqL7tRPdGZ4I1CjdF+EaMLmYxBHyXuKL849eucPFhvBoxMsflfOb8kxaeQ==}
    dev: false

  /whatwg-url/5.0.0:
    resolution: {integrity: sha512-saE57nupxk6v3HY35+jzBwYa0rKSy0XR8JSxZPwgLr7ys0IBzhGviA1/TUGJLmSVqs8pb9AnvICXEuOHLprYTw==}
    dependencies:
      tr46: 0.0.3
      webidl-conversions: 3.0.1
    dev: false

  /yn/3.1.1:
    resolution: {integrity: sha512-Ux4ygGWsu2c7isFWe8Yu1YluJmqVhxqK2cLXNQA5AcC3QfbGNpM7fu0Y8b/z16pXLnFxZYvWhd3fhBY9DLmC6Q==}
    engines: {node: '>=6'}
    dev: true

  /zod/3.19.1:
    resolution: {integrity: sha512-LYjZsEDhCdYET9ikFu6dVPGp2YH9DegXjdJToSzD9rO6fy4qiRYFoyEYwps88OseJlPyl2NOe2iJuhEhL7IpEA==}
    dev: false

  /zwitch/2.0.4:
    resolution: {integrity: sha512-bXE4cR/kVZhKZX/RjPEflHaKVhUVl85noU3v6b8apfQEc1x4A+zBxjZ4lN8LqGd6WZ3dl98pY4o717VFmoPp+A==}
    dev: false
